
Microsoft Visual Studio Solution File, Format Version 12.00
# Visual Studio Version 17
VisualStudioVersion = 17.0.31903.59
MinimumVisualStudioVersion = 10.0.40219.1
Project("{6EC3EE1D-3C4E-46DD-8F32-0CC8E7565705}") = "Percyqaz.Common", "libraries\Percyqaz.Common\src\Percyqaz.Common.fsproj", "{D9FF0A2D-98D3-4249-BFC6-3EDA475DCEDD}"
EndProject
Project("{6EC3EE1D-3C4E-46DD-8F32-0CC8E7565705}") = "Prelude", "prelude\src\Prelude.fsproj", "{399CFBE8-C1AA-49CD-8A99-DC0BCF57091D}"
EndProject
Project("{6EC3EE1D-3C4E-46DD-8F32-0CC8E7565705}") = "Percyqaz.Flux", "engine\src\Percyqaz.Flux.fsproj", "{C8BE8EAC-53C0-4225-9160-17D344C6C786}"
EndProject
Project("{6EC3EE1D-3C4E-46DD-8F32-0CC8E7565705}") = "Interlude", "interlude\src\Interlude.fsproj", "{D5EFAE0B-7E9F-4856-98B5-80D3D3F37231}"
EndProject
Project("{6EC3EE1D-3C4E-46DD-8F32-0CC8E7565705}") = "YAVSRG.CLI", "tools\YAVSRG.CLI.fsproj", "{811E948A-7F59-4BCE-A655-5CF4ED43E669}"
EndProject
Project("{6EC3EE1D-3C4E-46DD-8F32-0CC8E7565705}") = "Backbeat", "backbeat\tools\Backbeat.fsproj", "{755DDB37-C1FF-4833-9679-B503CFAA5E9B}"
	ProjectSection(ProjectDependencies) = postProject
		{7395E751-8352-4084-9D6E-C59D3130C8A4} = {7395E751-8352-4084-9D6E-C59D3130C8A4}
	EndProjectSection
EndProject
Project("{6EC3EE1D-3C4E-46DD-8F32-0CC8E7565705}") = "Interlude.Web.Shared", "online\shared\Interlude.Web.Shared.fsproj", "{7EEF2A2C-DA63-41E7-9CC9-7D46155BFCD5}"
EndProject
Project("{6EC3EE1D-3C4E-46DD-8F32-0CC8E7565705}") = "Interlude.Web.Server", "online\server\Interlude.Web.Server.fsproj", "{17BA6969-20CE-4D19-AF7C-F9ED355786CE}"
EndProject
Project("{6EC3EE1D-3C4E-46DD-8F32-0CC8E7565705}") = "Interlude.Web.Tests.Client", "online\tests\client\Interlude.Web.Tests.Client.fsproj", "{81CCE970-9179-4A40-81CA-2D86F28732B8}"
EndProject
Project("{6EC3EE1D-3C4E-46DD-8F32-0CC8E7565705}") = "Prelude.Tests", "prelude\tests\Prelude.Tests.fsproj", "{5C58AF88-4C8F-4DBE-A5B6-182612BB7DE3}"
EndProject
Project("{6EC3EE1D-3C4E-46DD-8F32-0CC8E7565705}") = "Percyqaz.Shell", "libraries\Percyqaz.Shell\src\Percyqaz.Shell.fsproj", "{7395E751-8352-4084-9D6E-C59D3130C8A4}"
EndProject
Project("{6EC3EE1D-3C4E-46DD-8F32-0CC8E7565705}") = "Percyqaz.Data", "libraries\Percyqaz.Data\src\Percyqaz.Data.fsproj", "{BB2C79AF-6493-4715-8751-3F51F247073D}"
EndProject
Project("{6EC3EE1D-3C4E-46DD-8F32-0CC8E7565705}") = "Interlude.Web.Tests.Integration", "online\tests\integration\Interlude.Web.Tests.Integration.fsproj", "{247F2B07-F42F-4F92-B468-DA9324036170}"
EndProject
Project("{6EC3EE1D-3C4E-46DD-8F32-0CC8E7565705}") = "Interlude.Web.Tests.Domain", "online\tests\domain\Interlude.Web.Tests.Domain.fsproj", "{71CC865E-854C-4063-9A20-54CDA7DB0D15}"
EndProject
Project("{2150E333-8FDC-42A3-9474-1A3956D46DE8}") = "SERVER", "SERVER", "{D204C9F6-7F50-42A7-A9CD-872BDE9F03A4}"
EndProject
Project("{2150E333-8FDC-42A3-9474-1A3956D46DE8}") = "CLIENT", "CLIENT", "{096FABB7-589D-42B1-AE95-1EEE771E6BE0}"
EndProject
Project("{2150E333-8FDC-42A3-9474-1A3956D46DE8}") = "SHARED", "SHARED", "{FAB19291-E70E-4978-B942-1E21123A7DE3}"
EndProject
Project("{6EC3EE1D-3C4E-46DD-8F32-0CC8E7565705}") = "Prelude.Playground", "prelude\playground\Prelude.Playground.fsproj", "{8B323AA1-6313-4B0C-8C22-19A84DF83C1E}"
EndProject
Global
	GlobalSection(SolutionConfigurationPlatforms) = preSolution
		Debug|Any CPU = Debug|Any CPU
		Release|Any CPU = Release|Any CPU
	EndGlobalSection
	GlobalSection(ProjectConfigurationPlatforms) = postSolution
		{D9FF0A2D-98D3-4249-BFC6-3EDA475DCEDD}.Debug|Any CPU.ActiveCfg = Debug|Any CPU
		{D9FF0A2D-98D3-4249-BFC6-3EDA475DCEDD}.Debug|Any CPU.Build.0 = Debug|Any CPU
		{D9FF0A2D-98D3-4249-BFC6-3EDA475DCEDD}.Release|Any CPU.ActiveCfg = Release|Any CPU
		{D9FF0A2D-98D3-4249-BFC6-3EDA475DCEDD}.Release|Any CPU.Build.0 = Release|Any CPU
		{399CFBE8-C1AA-49CD-8A99-DC0BCF57091D}.Debug|Any CPU.ActiveCfg = Debug|Any CPU
		{399CFBE8-C1AA-49CD-8A99-DC0BCF57091D}.Debug|Any CPU.Build.0 = Debug|Any CPU
		{399CFBE8-C1AA-49CD-8A99-DC0BCF57091D}.Release|Any CPU.ActiveCfg = Release|Any CPU
		{399CFBE8-C1AA-49CD-8A99-DC0BCF57091D}.Release|Any CPU.Build.0 = Release|Any CPU
		{C8BE8EAC-53C0-4225-9160-17D344C6C786}.Debug|Any CPU.ActiveCfg = Debug|Any CPU
		{C8BE8EAC-53C0-4225-9160-17D344C6C786}.Debug|Any CPU.Build.0 = Debug|Any CPU
		{C8BE8EAC-53C0-4225-9160-17D344C6C786}.Release|Any CPU.ActiveCfg = Release|Any CPU
		{C8BE8EAC-53C0-4225-9160-17D344C6C786}.Release|Any CPU.Build.0 = Release|Any CPU
		{D5EFAE0B-7E9F-4856-98B5-80D3D3F37231}.Debug|Any CPU.ActiveCfg = Debug|Any CPU
		{D5EFAE0B-7E9F-4856-98B5-80D3D3F37231}.Debug|Any CPU.Build.0 = Debug|Any CPU
		{D5EFAE0B-7E9F-4856-98B5-80D3D3F37231}.Release|Any CPU.ActiveCfg = Release|Any CPU
		{D5EFAE0B-7E9F-4856-98B5-80D3D3F37231}.Release|Any CPU.Build.0 = Release|Any CPU
		{811E948A-7F59-4BCE-A655-5CF4ED43E669}.Debug|Any CPU.ActiveCfg = Debug|Any CPU
		{811E948A-7F59-4BCE-A655-5CF4ED43E669}.Debug|Any CPU.Build.0 = Debug|Any CPU
		{811E948A-7F59-4BCE-A655-5CF4ED43E669}.Release|Any CPU.ActiveCfg = Release|Any CPU
		{811E948A-7F59-4BCE-A655-5CF4ED43E669}.Release|Any CPU.Build.0 = Release|Any CPU
		{755DDB37-C1FF-4833-9679-B503CFAA5E9B}.Debug|Any CPU.ActiveCfg = Debug|Any CPU
		{755DDB37-C1FF-4833-9679-B503CFAA5E9B}.Debug|Any CPU.Build.0 = Debug|Any CPU
		{755DDB37-C1FF-4833-9679-B503CFAA5E9B}.Release|Any CPU.ActiveCfg = Release|Any CPU
		{755DDB37-C1FF-4833-9679-B503CFAA5E9B}.Release|Any CPU.Build.0 = Release|Any CPU
		{7EEF2A2C-DA63-41E7-9CC9-7D46155BFCD5}.Debug|Any CPU.ActiveCfg = Debug|Any CPU
		{7EEF2A2C-DA63-41E7-9CC9-7D46155BFCD5}.Debug|Any CPU.Build.0 = Debug|Any CPU
		{7EEF2A2C-DA63-41E7-9CC9-7D46155BFCD5}.Release|Any CPU.ActiveCfg = Release|Any CPU
		{7EEF2A2C-DA63-41E7-9CC9-7D46155BFCD5}.Release|Any CPU.Build.0 = Release|Any CPU
		{17BA6969-20CE-4D19-AF7C-F9ED355786CE}.Debug|Any CPU.ActiveCfg = Debug|Any CPU
		{17BA6969-20CE-4D19-AF7C-F9ED355786CE}.Debug|Any CPU.Build.0 = Debug|Any CPU
		{17BA6969-20CE-4D19-AF7C-F9ED355786CE}.Release|Any CPU.ActiveCfg = Release|Any CPU
		{17BA6969-20CE-4D19-AF7C-F9ED355786CE}.Release|Any CPU.Build.0 = Release|Any CPU
		{81CCE970-9179-4A40-81CA-2D86F28732B8}.Debug|Any CPU.ActiveCfg = Debug|Any CPU
		{81CCE970-9179-4A40-81CA-2D86F28732B8}.Debug|Any CPU.Build.0 = Debug|Any CPU
		{81CCE970-9179-4A40-81CA-2D86F28732B8}.Release|Any CPU.ActiveCfg = Release|Any CPU
		{81CCE970-9179-4A40-81CA-2D86F28732B8}.Release|Any CPU.Build.0 = Release|Any CPU
		{5C58AF88-4C8F-4DBE-A5B6-182612BB7DE3}.Debug|Any CPU.ActiveCfg = Debug|Any CPU
		{5C58AF88-4C8F-4DBE-A5B6-182612BB7DE3}.Debug|Any CPU.Build.0 = Debug|Any CPU
		{5C58AF88-4C8F-4DBE-A5B6-182612BB7DE3}.Release|Any CPU.ActiveCfg = Release|Any CPU
		{5C58AF88-4C8F-4DBE-A5B6-182612BB7DE3}.Release|Any CPU.Build.0 = Release|Any CPU
		{7395E751-8352-4084-9D6E-C59D3130C8A4}.Debug|Any CPU.ActiveCfg = Debug|Any CPU
		{7395E751-8352-4084-9D6E-C59D3130C8A4}.Debug|Any CPU.Build.0 = Debug|Any CPU
		{7395E751-8352-4084-9D6E-C59D3130C8A4}.Release|Any CPU.ActiveCfg = Release|Any CPU
		{7395E751-8352-4084-9D6E-C59D3130C8A4}.Release|Any CPU.Build.0 = Release|Any CPU
		{BB2C79AF-6493-4715-8751-3F51F247073D}.Debug|Any CPU.ActiveCfg = Debug|Any CPU
		{BB2C79AF-6493-4715-8751-3F51F247073D}.Debug|Any CPU.Build.0 = Debug|Any CPU
		{BB2C79AF-6493-4715-8751-3F51F247073D}.Release|Any CPU.ActiveCfg = Release|Any CPU
		{BB2C79AF-6493-4715-8751-3F51F247073D}.Release|Any CPU.Build.0 = Release|Any CPU
		{247F2B07-F42F-4F92-B468-DA9324036170}.Debug|Any CPU.ActiveCfg = Debug|Any CPU
		{247F2B07-F42F-4F92-B468-DA9324036170}.Debug|Any CPU.Build.0 = Debug|Any CPU
		{247F2B07-F42F-4F92-B468-DA9324036170}.Release|Any CPU.ActiveCfg = Release|Any CPU
		{247F2B07-F42F-4F92-B468-DA9324036170}.Release|Any CPU.Build.0 = Release|Any CPU
		{71CC865E-854C-4063-9A20-54CDA7DB0D15}.Debug|Any CPU.ActiveCfg = Debug|Any CPU
		{71CC865E-854C-4063-9A20-54CDA7DB0D15}.Debug|Any CPU.Build.0 = Debug|Any CPU
		{71CC865E-854C-4063-9A20-54CDA7DB0D15}.Release|Any CPU.ActiveCfg = Release|Any CPU
		{71CC865E-854C-4063-9A20-54CDA7DB0D15}.Release|Any CPU.Build.0 = Release|Any CPU
		{8B323AA1-6313-4B0C-8C22-19A84DF83C1E}.Debug|Any CPU.ActiveCfg = Debug|Any CPU
		{8B323AA1-6313-4B0C-8C22-19A84DF83C1E}.Debug|Any CPU.Build.0 = Debug|Any CPU
		{8B323AA1-6313-4B0C-8C22-19A84DF83C1E}.Release|Any CPU.ActiveCfg = Release|Any CPU
		{8B323AA1-6313-4B0C-8C22-19A84DF83C1E}.Release|Any CPU.Build.0 = Release|Any CPU
	EndGlobalSection
	GlobalSection(SolutionProperties) = preSolution
		HideSolutionNode = FALSE
	EndGlobalSection
	GlobalSection(NestedProjects) = preSolution
		{D9FF0A2D-98D3-4249-BFC6-3EDA475DCEDD} = {FAB19291-E70E-4978-B942-1E21123A7DE3}
		{399CFBE8-C1AA-49CD-8A99-DC0BCF57091D} = {FAB19291-E70E-4978-B942-1E21123A7DE3}
		{C8BE8EAC-53C0-4225-9160-17D344C6C786} = {096FABB7-589D-42B1-AE95-1EEE771E6BE0}
		{D5EFAE0B-7E9F-4856-98B5-80D3D3F37231} = {096FABB7-589D-42B1-AE95-1EEE771E6BE0}
		{7EEF2A2C-DA63-41E7-9CC9-7D46155BFCD5} = {FAB19291-E70E-4978-B942-1E21123A7DE3}
		{17BA6969-20CE-4D19-AF7C-F9ED355786CE} = {D204C9F6-7F50-42A7-A9CD-872BDE9F03A4}
		{81CCE970-9179-4A40-81CA-2D86F28732B8} = {D204C9F6-7F50-42A7-A9CD-872BDE9F03A4}
		{5C58AF88-4C8F-4DBE-A5B6-182612BB7DE3} = {FAB19291-E70E-4978-B942-1E21123A7DE3}
		{7395E751-8352-4084-9D6E-C59D3130C8A4} = {FAB19291-E70E-4978-B942-1E21123A7DE3}
		{BB2C79AF-6493-4715-8751-3F51F247073D} = {FAB19291-E70E-4978-B942-1E21123A7DE3}
		{247F2B07-F42F-4F92-B468-DA9324036170} = {D204C9F6-7F50-42A7-A9CD-872BDE9F03A4}
		{71CC865E-854C-4063-9A20-54CDA7DB0D15} = {D204C9F6-7F50-42A7-A9CD-872BDE9F03A4}
		{8B323AA1-6313-4B0C-8C22-19A84DF83C1E} = {FAB19291-E70E-4978-B942-1E21123A7DE3}
	EndGlobalSection
	GlobalSection(ExtensibilityGlobals) = postSolution
		SolutionGuid = {948C7642-55D6-4B8A-B77C-F16BCEF12798}
	EndGlobalSection
EndGlobal
